// !$*UTF8*$!
{
	archiveVersion = 1;
	classes = {
	};
	objectVersion = 46;
	objects = {

/* Begin PBXBuildFile section */
		680564F31AD23A7C008BABFC /* main.m in Sources */ = {isa = PBXBuildFile; fileRef = 680564F21AD23A7C008BABFC /* main.m */; };
		680564F61AD23A7C008BABFC /* AppDelegate.m in Sources */ = {isa = PBXBuildFile; fileRef = 680564F51AD23A7C008BABFC /* AppDelegate.m */; };
		680564F91AD23A7C008BABFC /* ViewController.m in Sources */ = {isa = PBXBuildFile; fileRef = 680564F81AD23A7C008BABFC /* ViewController.m */; };
		680564FC1AD23A7C008BABFC /* Main.storyboard in Resources */ = {isa = PBXBuildFile; fileRef = 680564FA1AD23A7C008BABFC /* Main.storyboard */; };
		680564FE1AD23A7C008BABFC /* Images.xcassets in Resources */ = {isa = PBXBuildFile; fileRef = 680564FD1AD23A7C008BABFC /* Images.xcassets */; };
		680565011AD23A7C008BABFC /* LaunchScreen.xib in Resources */ = {isa = PBXBuildFile; fileRef = 680564FF1AD23A7C008BABFC /* LaunchScreen.xib */; };
		6805650D1AD23A7C008BABFC /* ZipCodesTests.m in Sources */ = {isa = PBXBuildFile; fileRef = 6805650C1AD23A7C008BABFC /* ZipCodesTests.m */; };
		680565171AD23A87008BABFC /* zips.json in Resources */ = {isa = PBXBuildFile; fileRef = 680565161AD23A87008BABFC /* zips.json */; };
		6805651A1AD23A9F008BABFC /* ZipCodeController.m in Sources */ = {isa = PBXBuildFile; fileRef = 680565191AD23A9F008BABFC /* ZipCodeController.m */; };
		6805651D1AD23AB8008BABFC /* Zip.m in Sources */ = {isa = PBXBuildFile; fileRef = 6805651C1AD23AB8008BABFC /* Zip.m */; };
/* End PBXBuildFile section */

/* Begin PBXContainerItemProxy section */
		680565071AD23A7C008BABFC /* PBXContainerItemProxy */ = {
			isa = PBXContainerItemProxy;
			containerPortal = 680564E51AD23A7C008BABFC /* Project object */;
			proxyType = 1;
			remoteGlobalIDString = 680564EC1AD23A7C008BABFC;
			remoteInfo = ZipCodes;
		};
/* End PBXContainerItemProxy section */

/* Begin PBXFileReference section */
		680564ED1AD23A7C008BABFC /* ZipCodes.app */ = {isa = PBXFileReference; explicitFileType = wrapper.application; includeInIndex = 0; path = ZipCodes.app; sourceTree = BUILT_PRODUCTS_DIR; };
		680564F11AD23A7C008BABFC /* Info.plist */ = {isa = PBXFileReference; lastKnownFileType = text.plist.xml; path = Info.plist; sourceTree = "<group>"; };
		680564F21AD23A7C008BABFC /* main.m */ = {isa = PBXFileReference; lastKnownFileType = sourcecode.c.objc; path = main.m; sourceTree = "<group>"; };
		680564F41AD23A7C008BABFC /* AppDelegate.h */ = {isa = PBXFileReference; lastKnownFileType = sourcecode.c.h; path = AppDelegate.h; sourceTree = "<group>"; };
		680564F51AD23A7C008BABFC /* AppDelegate.m */ = {isa = PBXFileReference; lastKnownFileType = sourcecode.c.objc; path = AppDelegate.m; sourceTree = "<group>"; };
		680564F71AD23A7C008BABFC /* ViewController.h */ = {isa = PBXFileReference; lastKnownFileType = sourcecode.c.h; path = ViewController.h; sourceTree = "<group>"; };
		680564F81AD23A7C008BABFC /* ViewController.m */ = {isa = PBXFileReference; lastKnownFileType = sourcecode.c.objc; path = ViewController.m; sourceTree = "<group>"; };
		680564FB1AD23A7C008BABFC /* Base */ = {isa = PBXFileReference; lastKnownFileType = file.storyboard; name = Base; path = Base.lproj/Main.storyboard; sourceTree = "<group>"; };
		680564FD1AD23A7C008BABFC /* Images.xcassets */ = {isa = PBXFileReference; lastKnownFileType = folder.assetcatalog; path = Images.xcassets; sourceTree = "<group>"; };
		680565001AD23A7C008BABFC /* Base */ = {isa = PBXFileReference; lastKnownFileType = file.xib; name = Base; path = Base.lproj/LaunchScreen.xib; sourceTree = "<group>"; };
		680565061AD23A7C008BABFC /* ZipCodesTests.xctest */ = {isa = PBXFileReference; explicitFileType = wrapper.cfbundle; includeInIndex = 0; path = ZipCodesTests.xctest; sourceTree = BUILT_PRODUCTS_DIR; };
		6805650B1AD23A7C008BABFC /* Info.plist */ = {isa = PBXFileReference; lastKnownFileType = text.plist.xml; path = Info.plist; sourceTree = "<group>"; };
		6805650C1AD23A7C008BABFC /* ZipCodesTests.m */ = {isa = PBXFileReference; lastKnownFileType = sourcecode.c.objc; path = ZipCodesTests.m; sourceTree = "<group>"; };
		680565161AD23A87008BABFC /* zips.json */ = {isa = PBXFileReference; fileEncoding = 4; lastKnownFileType = text.json; path = zips.json; sourceTree = "<group>"; };
		680565181AD23A9F008BABFC /* ZipCodeController.h */ = {isa = PBXFileReference; fileEncoding = 4; lastKnownFileType = sourcecode.c.h; path = ZipCodeController.h; sourceTree = "<group>"; };
		680565191AD23A9F008BABFC /* ZipCodeController.m */ = {isa = PBXFileReference; fileEncoding = 4; lastKnownFileType = sourcecode.c.objc; path = ZipCodeController.m; sourceTree = "<group>"; };
		6805651B1AD23AB8008BABFC /* Zip.h */ = {isa = PBXFileReference; fileEncoding = 4; lastKnownFileType = sourcecode.c.h; path = Zip.h; sourceTree = "<group>"; };
		6805651C1AD23AB8008BABFC /* Zip.m */ = {isa = PBXFileReference; fileEncoding = 4; lastKnownFileType = sourcecode.c.objc; path = Zip.m; sourceTree = "<group>"; };
/* End PBXFileReference section */

/* Begin PBXFrameworksBuildPhase section */
		680564EA1AD23A7C008BABFC /* Frameworks */ = {
			isa = PBXFrameworksBuildPhase;
			buildActionMask = 2147483647;
			files = (
			);
			runOnlyForDeploymentPostprocessing = 0;
		};
		680565031AD23A7C008BABFC /* Frameworks */ = {
			isa = PBXFrameworksBuildPhase;
			buildActionMask = 2147483647;
			files = (
			);
			runOnlyForDeploymentPostprocessing = 0;
		};
/* End PBXFrameworksBuildPhase section */

/* Begin PBXGroup section */
		680564E41AD23A7C008BABFC = {
			isa = PBXGroup;
			children = (
				680564EF1AD23A7C008BABFC /* ZipCodes */,
				680565091AD23A7C008BABFC /* ZipCodesTests */,
				680564EE1AD23A7C008BABFC /* Products */,
			);
			sourceTree = "<group>";
		};
		680564EE1AD23A7C008BABFC /* Products */ = {
			isa = PBXGroup;
			children = (
				680564ED1AD23A7C008BABFC /* ZipCodes.app */,
				680565061AD23A7C008BABFC /* ZipCodesTests.xctest */,
			);
			name = Products;
			sourceTree = "<group>";
		};
		680564EF1AD23A7C008BABFC /* ZipCodes */ = {
			isa = PBXGroup;
			children = (
				680564F41AD23A7C008BABFC /* AppDelegate.h */,
				680564F51AD23A7C008BABFC /* AppDelegate.m */,
				6805651B1AD23AB8008BABFC /* Zip.h */,
				6805651C1AD23AB8008BABFC /* Zip.m */,
				680565181AD23A9F008BABFC /* ZipCodeController.h */,
				680565191AD23A9F008BABFC /* ZipCodeController.m */,
				680564F71AD23A7C008BABFC /* ViewController.h */,
				680564F81AD23A7C008BABFC /* ViewController.m */,
				680564FA1AD23A7C008BABFC /* Main.storyboard */,
				680564FD1AD23A7C008BABFC /* Images.xcassets */,
				680564FF1AD23A7C008BABFC /* LaunchScreen.xib */,
				680565161AD23A87008BABFC /* zips.json */,
				680564F01AD23A7C008BABFC /* Supporting Files */,
			);
			path = ZipCodes;
			sourceTree = "<group>";
		};
		680564F01AD23A7C008BABFC /* Supporting Files */ = {
			isa = PBXGroup;
			children = (
				680564F11AD23A7C008BABFC /* Info.plist */,
				680564F21AD23A7C008BABFC /* main.m */,
			);
			name = "Supporting Files";
			sourceTree = "<group>";
		};
		680565091AD23A7C008BABFC /* ZipCodesTests */ = {
			isa = PBXGroup;
			children = (
				6805650C1AD23A7C008BABFC /* ZipCodesTests.m */,
				6805650A1AD23A7C008BABFC /* Supporting Files */,
			);
			path = ZipCodesTests;
			sourceTree = "<group>";
		};
		6805650A1AD23A7C008BABFC /* Supporting Files */ = {
			isa = PBXGroup;
			children = (
				6805650B1AD23A7C008BABFC /* Info.plist */,
			);
			name = "Supporting Files";
			sourceTree = "<group>";
		};
/* End PBXGroup section */

/* Begin PBXNativeTarget section */
		680564EC1AD23A7C008BABFC /* ZipCodes */ = {
			isa = PBXNativeTarget;
			buildConfigurationList = 680565101AD23A7C008BABFC /* Build configuration list for PBXNativeTarget "ZipCodes" */;
			buildPhases = (
				680564E91AD23A7C008BABFC /* Sources */,
				680564EA1AD23A7C008BABFC /* Frameworks */,
				680564EB1AD23A7C008BABFC /* Resources */,
			);
			buildRules = (
			);
			dependencies = (
			);
			name = ZipCodes;
			productName = ZipCodes;
			productReference = 680564ED1AD23A7C008BABFC /* ZipCodes.app */;
			productType = "com.apple.product-type.application";
		};
		680565051AD23A7C008BABFC /* ZipCodesTests */ = {
			isa = PBXNativeTarget;
			buildConfigurationList = 680565131AD23A7C008BABFC /* Build configuration list for PBXNativeTarget "ZipCodesTests" */;
			buildPhases = (
				680565021AD23A7C008BABFC /* Sources */,
				680565031AD23A7C008BABFC /* Frameworks */,
				680565041AD23A7C008BABFC /* Resources */,
			);
			buildRules = (
			);
			dependencies = (
				680565081AD23A7C008BABFC /* PBXTargetDependency */,
			);
			name = ZipCodesTests;
			productName = ZipCodesTests;
			productReference = 680565061AD23A7C008BABFC /* ZipCodesTests.xctest */;
			productType = "com.apple.product-type.bundle.unit-test";
		};
/* End PBXNativeTarget section */

/* Begin PBXProject section */
		680564E51AD23A7C008BABFC /* Project object */ = {
			isa = PBXProject;
			attributes = {
				LastUpgradeCheck = 0620;
				ORGANIZATIONNAME = DevMountain;
				TargetAttributes = {
					680564EC1AD23A7C008BABFC = {
						CreatedOnToolsVersion = 6.2;
					};
					680565051AD23A7C008BABFC = {
						CreatedOnToolsVersion = 6.2;
						TestTargetID = 680564EC1AD23A7C008BABFC;
					};
				};
			};
			buildConfigurationList = 680564E81AD23A7C008BABFC /* Build configuration list for PBXProject "ZipCodes" */;
			compatibilityVersion = "Xcode 3.2";
			developmentRegion = English;
			hasScannedForEncodings = 0;
			knownRegions = (
				en,
				Base,
			);
			mainGroup = 680564E41AD23A7C008BABFC;
			productRefGroup = 680564EE1AD23A7C008BABFC /* Products */;
			projectDirPath = "";
			projectRoot = "";
			targets = (
				680564EC1AD23A7C008BABFC /* ZipCodes */,
				680565051AD23A7C008BABFC /* ZipCodesTests */,
			);
		};
/* End PBXProject section */

/* Begin PBXResourcesBuildPhase section */
		680564EB1AD23A7C008BABFC /* Resources */ = {
			isa = PBXResourcesBuildPhase;
			buildActionMask = 2147483647;
			files = (
				680564FC1AD23A7C008BABFC /* Main.storyboard in Resources */,
				680565011AD23A7C008BABFC /* LaunchScreen.xib in Resources */,
				680564FE1AD23A7C008BABFC /* Images.xcassets in Resources */,
				680565171AD23A87008BABFC /* zips.json in Resources */,
			);
			runOnlyForDeploymentPostprocessing = 0;
		};
		680565041AD23A7C008BABFC /* Resources */ = {
			isa = PBXResourcesBuildPhase;
			buildActionMask = 2147483647;
			files = (
			);
			runOnlyForDeploymentPostprocessing = 0;
		};
/* End PBXResourcesBuildPhase section */

/* Begin PBXSourcesBuildPhase section */
		680564E91AD23A7C008BABFC /* Sources */ = {
			isa = PBXSourcesBuildPhase;
			buildActionMask = 2147483647;
			files = (
				6805651A1AD23A9F008BABFC /* ZipCodeController.m in Sources */,
				680564F91AD23A7C008BABFC /* ViewController.m in Sources */,
				6805651D1AD23AB8008BABFC /* Zip.m in Sources */,
				680564F61AD23A7C008BABFC /* AppDelegate.m in Sources */,
				680564F31AD23A7C008BABFC /* main.m in Sources */,
			);
			runOnlyForDeploymentPostprocessing = 0;
		};
		680565021AD23A7C008BABFC /* Sources */ = {
			isa = PBXSourcesBuildPhase;
			buildActionMask = 2147483647;
			files = (
				6805650D1AD23A7C008BABFC /* ZipCodesTests.m in Sources */,
			);
			runOnlyForDeploymentPostprocessing = 0;
		};
/* End PBXSourcesBuildPhase section */

/* Begin PBXTargetDependency section */
		680565081AD23A7C008BABFC /* PBXTargetDependency */ = {
			isa = PBXTargetDependency;
			target = 680564EC1AD23A7C008BABFC /* ZipCodes */;
			targetProxy = 680565071AD23A7C008BABFC /* PBXContainerItemProxy */;
		};
/* End PBXTargetDependency section */

/* Begin PBXVariantGroup section */
		680564FA1AD23A7C008BABFC /* Main.storyboard */ = {
			isa = PBXVariantGroup;
			children = (
				680564FB1AD23A7C008BABFC /* Base */,
			);
			name = Main.storyboard;
			sourceTree = "<group>";
		};
		680564FF1AD23A7C008BABFC /* LaunchScreen.xib */ = {
			isa = PBXVariantGroup;
			children = (
				680565001AD23A7C008BABFC /* Base */,
			);
			name = LaunchScreen.xib;
			sourceTree = "<group>";
		};
/* End PBXVariantGroup section */

/* Begin XCBuildConfiguration section */
		6805650E1AD23A7C008BABFC /* Debug */ = {
			isa = XCBuildConfiguration;
			buildSettings = {
				ALWAYS_SEARCH_USER_PATHS = NO;
				CLANG_CXX_LANGUAGE_STANDARD = "gnu++0x";
				CLANG_CXX_LIBRARY = "libc++";
				CLANG_ENABLE_MODULES = YES;
				CLANG_ENABLE_OBJC_ARC = YES;
				CLANG_WARN_BOOL_CONVERSION = YES;
				CLANG_WARN_CONSTANT_CONVERSION = YES;
				CLANG_WARN_DIRECT_OBJC_ISA_USAGE = YES_ERROR;
				CLANG_WARN_EMPTY_BODY = YES;
				CLANG_WARN_ENUM_CONVERSION = YES;
				CLANG_WARN_INT_CONVERSION = YES;
				CLANG_WARN_OBJC_ROOT_CLASS = YES_ERROR;
				CLANG_WARN_UNREACHABLE_CODE = YES;
				CLANG_WARN__DUPLICATE_METHOD_MATCH = YES;
				"CODE_SIGN_IDENTITY[sdk=iphoneos*]" = "iPhone Developer";
				COPY_PHASE_STRIP = NO;
				ENABLE_STRICT_OBJC_MSGSEND = YES;
				GCC_C_LANGUAGE_STANDARD = gnu99;
				GCC_DYNAMIC_NO_PIC = NO;
				GCC_OPTIMIZATION_LEVEL = 0;
				GCC_PREPROCESSOR_DEFINITIONS = (
					"DEBUG=1",
					"$(inherited)",
				);
				GCC_SYMBOLS_PRIVATE_EXTERN = NO;
				GCC_WARN_64_TO_32_BIT_CONVERSION = YES;
				GCC_WARN_ABOUT_RETURN_TYPE = YES_ERROR;
				GCC_WARN_UNDECLARED_SELECTOR = YES;
				GCC_WARN_UNINITIALIZED_AUTOS = YES_AGGRESSIVE;
				GCC_WARN_UNUSED_FUNCTION = YES;
				GCC_WARN_UNUSED_VARIABLE = YES;
				IPHONEOS_DEPLOYMENT_TARGET = 8.2;
				MTL_ENABLE_DEBUG_INFO = YES;
				ONLY_ACTIVE_ARCH = YES;
				SDKROOT = iphoneos;
			};
			name = Debug;
		};
		6805650F1AD23A7C008BABFC /* Release */ = {
			isa = XCBuildConfiguration;
			buildSettings = {
				ALWAYS_SEARCH_USER_PATHS = NO;
				CLANG_CXX_LANGUAGE_STANDARD = "gnu++0x";
				CLANG_CXX_LIBRARY = "libc++";
				CLANG_ENABLE_MODULES = YES;
				CLANG_ENABLE_OBJC_ARC = YES;
				CLANG_WARN_BOOL_CONVERSION = YES;
				CLANG_WARN_CONSTANT_CONVERSION = YES;
				CLANG_WARN_DIRECT_OBJC_ISA_USAGE = YES_ERROR;
				CLANG_WARN_EMPTY_BODY = YES;
				CLANG_WARN_ENUM_CONVERSION = YES;
				CLANG_WARN_INT_CONVERSION = YES;
				CLANG_WARN_OBJC_ROOT_CLASS = YES_ERROR;
				CLANG_WARN_UNREACHABLE_CODE = YES;
				CLANG_WARN__DUPLICATE_METHOD_MATCH = YES;
				"CODE_SIGN_IDENTITY[sdk=iphoneos*]" = "iPhone Developer";
				COPY_PHASE_STRIP = NO;
				ENABLE_NS_ASSERTIONS = NO;
				ENABLE_STRICT_OBJC_MSGSEND = YES;
				GCC_C_LANGUAGE_STANDARD = gnu99;
				GCC_WARN_64_TO_32_BIT_CONVERSION = YES;
				GCC_WARN_ABOUT_RETURN_TYPE = YES_ERROR;
				GCC_WARN_UNDECLARED_SELECTOR = YES;
				GCC_WARN_UNINITIALIZED_AUTOS = YES_AGGRESSIVE;
				GCC_WARN_UNUSED_FUNCTION = YES;
				GCC_WARN_UNUSED_VARIABLE = YES;
				IPHONEOS_DEPLOYMENT_TARGET = 8.2;
				MTL_ENABLE_DEBUG_INFO = NO;
				SDKROOT = iphoneos;
				VALIDATE_PRODUCT = YES;
			};
			name = Release;
		};
		680565111AD23A7C008BABFC /* Debug */ = {
			isa = XCBuildConfiguration;
			buildSettings = {
				ASSETCATALOG_COMPILER_APPICON_NAME = AppIcon;
				INFOPLIST_FILE = ZipCodes/Info.plist;
				LD_RUNPATH_SEARCH_PATHS = "$(inherited) @executable_path/Frameworks";
				PRODUCT_NAME = "$(TARGET_NAME)";
			};
			name = Debug;
		};
		680565121AD23A7C008BABFC /* Release */ = {
			isa = XCBuildConfiguration;
			buildSettings = {
				ASSETCATALOG_COMPILER_APPICON_NAME = AppIcon;
				INFOPLIST_FILE = ZipCodes/Info.plist;
				LD_RUNPATH_SEARCH_PATHS = "$(inherited) @executable_path/Frameworks";
				PRODUCT_NAME = "$(TARGET_NAME)";
			};
			name = Release;
		};
		680565141AD23A7C008BABFC /* Debug */ = {
			isa = XCBuildConfiguration;
			buildSettings = {
				BUNDLE_LOADER = "$(TEST_HOST)";
				FRAMEWORK_SEARCH_PATHS = (
					"$(SDKROOT)/Developer/Library/Frameworks",
					"$(inherited)",
				);
				GCC_PREPROCESSOR_DEFINITIONS = (
					"DEBUG=1",
					"$(inherited)",
				);
				INFOPLIST_FILE = ZipCodesTests/Info.plist;
				LD_RUNPATH_SEARCH_PATHS = "$(inherited) @executable_path/Frameworks @loader_path/Frameworks";
				PRODUCT_NAME = "$(TARGET_NAME)";
				TEST_HOST = "$(BUILT_PRODUCTS_DIR)/ZipCodes.app/ZipCodes";
			};
			name = Debug;
		};
		680565151AD23A7C008BABFC /* Release */ = {
			isa = XCBuildConfiguration;
			buildSettings = {
				BUNDLE_LOADER = "$(TEST_HOST)";
				FRAMEWORK_SEARCH_PATHS = (
					"$(SDKROOT)/Developer/Library/Frameworks",
					"$(inherited)",
				);
				INFOPLIST_FILE = ZipCodesTests/Info.plist;
				LD_RUNPATH_SEARCH_PATHS = "$(inherited) @executable_path/Frameworks @loader_path/Frameworks";
				PRODUCT_NAME = "$(TARGET_NAME)";
				TEST_HOST = "$(BUILT_PRODUCTS_DIR)/ZipCodes.app/ZipCodes";
			};
			name = Release;
		};
/* End XCBuildConfiguration section */

/* Begin XCConfigurationList section */
		680564E81AD23A7C008BABFC /* Build configuration list for PBXProject "ZipCodes" */ = {
			isa = XCConfigurationList;
			buildConfigurations = (
				6805650E1AD23A7C008BABFC /* Debug */,
				6805650F1AD23A7C008BABFC /* Release */,
			);
			defaultConfigurationIsVisible = 0;
			defaultConfigurationName = Release;
		};
		680565101AD23A7C008BABFC /* Build configuration list for PBXNativeTarget "ZipCodes" */ = {
			isa = XCConfigurationList;
			buildConfigurations = (
				680565111AD23A7C008BABFC /* Debug */,
				680565121AD23A7C008BABFC /* Release */,
			);
			defaultConfigurationIsVisible = 0;
		};
		680565131AD23A7C008BABFC /* Build configuration list for PBXNativeTarget "ZipCodesTests" */ = {
			isa = XCConfigurationList;
			buildConfigurations = (
				680565141AD23A7C008BABFC /* Debug */,
				680565151AD23A7C008BABFC /* Release */,
			);
			defaultConfigurationIsVisible = 0;
		};
/* End XCConfigurationList section */
	};
	rootObject = 680564E51AD23A7C008BABFC /* Project object */;
}
